{
  "name": "Map Design",
  "lockfileVersion": 2,
  "requires": true,
  "packages": {
    "": {
      "dependencies": {
        "dat.gui": "^0.7.7",
        "three": "^0.135.0",
        "three-orbitcontrols": "^2.110.3"
      }
    },
    "node_modules/dat.gui": {
      "version": "0.7.7",
      "resolved": "https://registry.npmjs.org/dat.gui/-/dat.gui-0.7.7.tgz",
      "integrity": "sha512-sRl/28gF/XRC5ywC9I4zriATTsQcpSsRG7seXCPnTkK8/EQMIbCu5NPMpICLGxX9ZEUvcXR3ArLYCtgreFoMDw=="
    },
    "node_modules/three": {
      "version": "0.135.0",
      "resolved": "https://registry.npmjs.org/three/-/three-0.135.0.tgz",
      "integrity": "sha512-kuEpuuxRzLv0MDsXai9huCxOSQPZ4vje6y0gn80SRmQvgz6/+rI0NAvCRAw56zYaWKMGMfqKWsxF9Qa2Z9xymQ=="
    },
    "node_modules/three-orbitcontrols": {
      "version": "2.110.3",
      "resolved": "https://registry.npmjs.org/three-orbitcontrols/-/three-orbitcontrols-2.110.3.tgz",
      "integrity": "sha512-BNNbksJwbN3/MmT0X/gjz5ZCchm7bjk26SUdtJYRxfEYjDfkb/0PeUTHE/KuyJ5vb/owK3mojyy3vcqDx99sRA==",
      "deprecated": "three-js exposes real modules now via three/examples/jsm/...\nfor example to import Orbit, do\nimport { OrbitControls } from 'three/examples/jsm/controls/OrbitControls'\n",
      "peerDependencies": {
        "three": ">= 0.110.0"
      }
    }
  },
  "dependencies": {
    "dat.gui": {
      "version": "0.7.7",
      "resolved": "https://registry.npmjs.org/dat.gui/-/dat.gui-0.7.7.tgz",
      "integrity": "sha512-sRl/28gF/XRC5ywC9I4zriATTsQcpSsRG7seXCPnTkK8/EQMIbCu5NPMpICLGxX9ZEUvcXR3ArLYCtgreFoMDw=="
    },
    "three": {
      "version": "0.135.0",
      "resolved": "https://registry.npmjs.org/three/-/three-0.135.0.tgz",
      "integrity": "sha512-kuEpuuxRzLv0MDsXai9huCxOSQPZ4vje6y0gn80SRmQvgz6/+rI0NAvCRAw56zYaWKMGMfqKWsxF9Qa2Z9xymQ=="
    },
    "three-orbitcontrols": {
      "version": "2.110.3",
      "resolved": "https://registry.npmjs.org/three-orbitcontrols/-/three-orbitcontrols-2.110.3.tgz",
      "integrity": "sha512-BNNbksJwbN3/MmT0X/gjz5ZCchm7bjk26SUdtJYRxfEYjDfkb/0PeUTHE/KuyJ5vb/owK3mojyy3vcqDx99sRA==",
      "requires": {}
    }
  }
}
